
Microsoft Visual Studio Solution File, Format Version 12.00
# Visual Studio Version 17
VisualStudioVersion = 17.13.35919.96
MinimumVisualStudioVersion = 10.0.40219.1
Project("{2150E333-8FDC-42A3-9474-1A3956D46DE8}") = "Pipeline", "Pipeline", "{02EA681E-C7D8-13C7-8484-4AC65E1B71E8}"
EndProject
Project("{2150E333-8FDC-42A3-9474-1A3956D46DE8}") = "Infra", "Infra", "{BE38AAF7-178E-426B-8E9D-C2F6BF07EC2C}"
EndProject
Project("{2150E333-8FDC-42A3-9474-1A3956D46DE8}") = "Deployment", "Deployment", "{2DD8CD16-ED94-4D24-AC6A-C752CDC3B68C}"
EndProject
Project("{2150E333-8FDC-42A3-9474-1A3956D46DE8}") = "Azure", "Azure", "{FD3FF18D-9693-405E-8785-E28695F18B92}"
EndProject
Project("{2150E333-8FDC-42A3-9474-1A3956D46DE8}") = "Bicep", "Bicep", "{9E73FDEA-6B33-45DA-91DE-F14FBAF2C687}"
	ProjectSection(SolutionItems) = preProject
		Pipeline\Infra\azure\bicep\appservice.bicep = Pipeline\Infra\azure\bicep\appservice.bicep
		Pipeline\Infra\azure\bicep\keyvault.bicep = Pipeline\Infra\azure\bicep\keyvault.bicep
		Pipeline\Infra\azure\bicep\main.bicep = Pipeline\Infra\azure\bicep\main.bicep
		Pipeline\Infra\azure\bicep\sql.bicep = Pipeline\Infra\azure\bicep\sql.bicep
		Pipeline\Infra\azure\bicep\storage.bicep = Pipeline\Infra\azure\bicep\storage.bicep
	EndProjectSection
EndProject
Project("{2150E333-8FDC-42A3-9474-1A3956D46DE8}") = "Solution Items", "Solution Items", "{8EC462FD-D22E-90A8-E5CE-7E832BA40C5D}"
	ProjectSection(SolutionItems) = preProject
		.github\workflows\build-version.yml = .github\workflows\build-version.yml
		.github\workflows\build-model-nuget.yml = .github\workflows\build-model-nuget.yml
		.github\workflows\build-model-npm.yml = .github\workflows\build-model-npm.yml
	EndProjectSection
EndProject
Global
	GlobalSection(SolutionProperties) = preSolution
		HideSolutionNode = FALSE
	EndGlobalSection
	GlobalSection(NestedProjects) = preSolution
		{BE38AAF7-178E-426B-8E9D-C2F6BF07EC2C} = {02EA681E-C7D8-13C7-8484-4AC65E1B71E8}
		{2DD8CD16-ED94-4D24-AC6A-C752CDC3B68C} = {02EA681E-C7D8-13C7-8484-4AC65E1B71E8}
		{FD3FF18D-9693-405E-8785-E28695F18B92} = {BE38AAF7-178E-426B-8E9D-C2F6BF07EC2C}
		{9E73FDEA-6B33-45DA-91DE-F14FBAF2C687} = {FD3FF18D-9693-405E-8785-E28695F18B92}
	EndGlobalSection
	GlobalSection(ExtensibilityGlobals) = postSolution
		SolutionGuid = {90415D47-503E-4763-AF3F-4BE966AA5984}
	EndGlobalSection
EndGlobal
